// !$*UTF8*$!
{
	archiveVersion = 1;
	classes = {
	};
	objectVersion = 56;
	objects = {

/* Begin PBXBuildFile section */
		AC01B78C296C96B5004D3FC0 /* AppDelegate.swift in Sources */ = {isa = PBXBuildFile; fileRef = AC01B78B296C96B5004D3FC0 /* AppDelegate.swift */; };
		AC01B790296C96B5004D3FC0 /* LoginViewController.swift in Sources */ = {isa = PBXBuildFile; fileRef = AC01B78F296C96B5004D3FC0 /* LoginViewController.swift */; };
		AC01B795296C96B6004D3FC0 /* Assets.xcassets in Resources */ = {isa = PBXBuildFile; fileRef = AC01B794296C96B6004D3FC0 /* Assets.xcassets */; };
		AC01B798296C96B6004D3FC0 /* LaunchScreen.storyboard in Resources */ = {isa = PBXBuildFile; fileRef = AC01B796296C96B6004D3FC0 /* LaunchScreen.storyboard */; };
		AC01B7A3296D2EB7004D3FC0 /* Coin.swift in Sources */ = {isa = PBXBuildFile; fileRef = AC01B7A2296D2EB7004D3FC0 /* Coin.swift */; };
		AC01B7A6296D2F28004D3FC0 /* NetworkManager.swift in Sources */ = {isa = PBXBuildFile; fileRef = AC01B7A5296D2F28004D3FC0 /* NetworkManager.swift */; };
		AC01B7A9296D3AA9004D3FC0 /* LoginViewModel.swift in Sources */ = {isa = PBXBuildFile; fileRef = AC01B7A8296D3AA9004D3FC0 /* LoginViewModel.swift */; };
		AC01B7AC296D42CA004D3FC0 /* CoinTableViewController.swift in Sources */ = {isa = PBXBuildFile; fileRef = AC01B7AB296D42CA004D3FC0 /* CoinTableViewController.swift */; };
		AC01B7AF296DC92D004D3FC0 /* UserManager.swift in Sources */ = {isa = PBXBuildFile; fileRef = AC01B7AE296DC92D004D3FC0 /* UserManager.swift */; };
		AC01B7B1296DC961004D3FC0 /* User.swift in Sources */ = {isa = PBXBuildFile; fileRef = AC01B7B0296DC961004D3FC0 /* User.swift */; };
		AC01B7B3296E81F0004D3FC0 /* RootViewController.swift in Sources */ = {isa = PBXBuildFile; fileRef = AC01B7B2296E81F0004D3FC0 /* RootViewController.swift */; };
		AC01B7B6296E8217004D3FC0 /* RootViewModel.swift in Sources */ = {isa = PBXBuildFile; fileRef = AC01B7B5296E8217004D3FC0 /* RootViewModel.swift */; };
		AC01B7B8296E9417004D3FC0 /* CoinTableViewModel.swift in Sources */ = {isa = PBXBuildFile; fileRef = AC01B7B7296E9417004D3FC0 /* CoinTableViewModel.swift */; };
		AC8939AA29856B5500219844 /* CoinTableViewCell.swift in Sources */ = {isa = PBXBuildFile; fileRef = AC8939A929856B5500219844 /* CoinTableViewCell.swift */; };
		ACD4D9C8296F244500A12A8C /* DataManager.swift in Sources */ = {isa = PBXBuildFile; fileRef = ACD4D9C7296F244500A12A8C /* DataManager.swift */; };
/* End PBXBuildFile section */

/* Begin PBXFileReference section */
		AC01B788296C96B5004D3FC0 /* MyCoin.app */ = {isa = PBXFileReference; explicitFileType = wrapper.application; includeInIndex = 0; path = MyCoin.app; sourceTree = BUILT_PRODUCTS_DIR; };
		AC01B78B296C96B5004D3FC0 /* AppDelegate.swift */ = {isa = PBXFileReference; lastKnownFileType = sourcecode.swift; path = AppDelegate.swift; sourceTree = "<group>"; };
		AC01B78F296C96B5004D3FC0 /* LoginViewController.swift */ = {isa = PBXFileReference; lastKnownFileType = sourcecode.swift; path = LoginViewController.swift; sourceTree = "<group>"; };
		AC01B794296C96B6004D3FC0 /* Assets.xcassets */ = {isa = PBXFileReference; lastKnownFileType = folder.assetcatalog; path = Assets.xcassets; sourceTree = "<group>"; };
		AC01B797296C96B6004D3FC0 /* Base */ = {isa = PBXFileReference; lastKnownFileType = file.storyboard; name = Base; path = Base.lproj/LaunchScreen.storyboard; sourceTree = "<group>"; };
		AC01B799296C96B6004D3FC0 /* Info.plist */ = {isa = PBXFileReference; lastKnownFileType = text.plist.xml; path = Info.plist; sourceTree = "<group>"; };
		AC01B7A2296D2EB7004D3FC0 /* Coin.swift */ = {isa = PBXFileReference; lastKnownFileType = sourcecode.swift; path = Coin.swift; sourceTree = "<group>"; };
		AC01B7A5296D2F28004D3FC0 /* NetworkManager.swift */ = {isa = PBXFileReference; lastKnownFileType = sourcecode.swift; path = NetworkManager.swift; sourceTree = "<group>"; };
		AC01B7A8296D3AA9004D3FC0 /* LoginViewModel.swift */ = {isa = PBXFileReference; lastKnownFileType = sourcecode.swift; path = LoginViewModel.swift; sourceTree = "<group>"; };
		AC01B7AB296D42CA004D3FC0 /* CoinTableViewController.swift */ = {isa = PBXFileReference; lastKnownFileType = sourcecode.swift; path = CoinTableViewController.swift; sourceTree = "<group>"; };
		AC01B7AE296DC92D004D3FC0 /* UserManager.swift */ = {isa = PBXFileReference; lastKnownFileType = sourcecode.swift; path = UserManager.swift; sourceTree = "<group>"; };
		AC01B7B0296DC961004D3FC0 /* User.swift */ = {isa = PBXFileReference; lastKnownFileType = sourcecode.swift; path = User.swift; sourceTree = "<group>"; };
		AC01B7B2296E81F0004D3FC0 /* RootViewController.swift */ = {isa = PBXFileReference; lastKnownFileType = sourcecode.swift; path = RootViewController.swift; sourceTree = "<group>"; };
		AC01B7B5296E8217004D3FC0 /* RootViewModel.swift */ = {isa = PBXFileReference; lastKnownFileType = sourcecode.swift; path = RootViewModel.swift; sourceTree = "<group>"; };
		AC01B7B7296E9417004D3FC0 /* CoinTableViewModel.swift */ = {isa = PBXFileReference; lastKnownFileType = sourcecode.swift; path = CoinTableViewModel.swift; sourceTree = "<group>"; };
		AC8939A929856B5500219844 /* CoinTableViewCell.swift */ = {isa = PBXFileReference; lastKnownFileType = sourcecode.swift; path = CoinTableViewCell.swift; sourceTree = "<group>"; };
		ACD4D9C7296F244500A12A8C /* DataManager.swift */ = {isa = PBXFileReference; lastKnownFileType = sourcecode.swift; path = DataManager.swift; sourceTree = "<group>"; };
/* End PBXFileReference section */

/* Begin PBXFrameworksBuildPhase section */
		AC01B785296C96B5004D3FC0 /* Frameworks */ = {
			isa = PBXFrameworksBuildPhase;
			buildActionMask = 2147483647;
			files = (
			);
			runOnlyForDeploymentPostprocessing = 0;
		};
/* End PBXFrameworksBuildPhase section */

/* Begin PBXGroup section */
		AC01B77F296C96B5004D3FC0 = {
			isa = PBXGroup;
			children = (
				AC01B78A296C96B5004D3FC0 /* MyCoin */,
				AC01B789296C96B5004D3FC0 /* Products */,
			);
			sourceTree = "<group>";
		};
		AC01B789296C96B5004D3FC0 /* Products */ = {
			isa = PBXGroup;
			children = (
				AC01B788296C96B5004D3FC0 /* MyCoin.app */,
			);
			name = Products;
			sourceTree = "<group>";
		};
		AC01B78A296C96B5004D3FC0 /* MyCoin */ = {
			isa = PBXGroup;
			children = (
				AC01B7A0296D04B6004D3FC0 /* ViewControllers */,
				AC01B7A7296D2F38004D3FC0 /* Services */,
				AC01B7A4296D2EC9004D3FC0 /* Models */,
				AC01B7A1296D04E4004D3FC0 /* Resources */,
				AC01B79F296D0499004D3FC0 /* App */,
			);
			path = MyCoin;
			sourceTree = "<group>";
		};
		AC01B79F296D0499004D3FC0 /* App */ = {
			isa = PBXGroup;
			children = (
				AC01B78B296C96B5004D3FC0 /* AppDelegate.swift */,
				AC01B796296C96B6004D3FC0 /* LaunchScreen.storyboard */,
				AC01B799296C96B6004D3FC0 /* Info.plist */,
			);
			path = App;
			sourceTree = "<group>";
		};
		AC01B7A0296D04B6004D3FC0 /* ViewControllers */ = {
			isa = PBXGroup;
			children = (
				AC01B7B4296E81F7004D3FC0 /* RootViewController */,
				AC01B7AA296D4294004D3FC0 /* LoginView */,
				AC01B7AD296D42F9004D3FC0 /* CoinTableView */,
			);
			path = ViewControllers;
			sourceTree = "<group>";
		};
		AC01B7A1296D04E4004D3FC0 /* Resources */ = {
			isa = PBXGroup;
			children = (
				AC01B794296C96B6004D3FC0 /* Assets.xcassets */,
			);
			path = Resources;
			sourceTree = "<group>";
		};
		AC01B7A4296D2EC9004D3FC0 /* Models */ = {
			isa = PBXGroup;
			children = (
				AC01B7A2296D2EB7004D3FC0 /* Coin.swift */,
				AC01B7B0296DC961004D3FC0 /* User.swift */,
			);
			path = Models;
			sourceTree = "<group>";
		};
		AC01B7A7296D2F38004D3FC0 /* Services */ = {
			isa = PBXGroup;
			children = (
				AC01B7A5296D2F28004D3FC0 /* NetworkManager.swift */,
				AC01B7AE296DC92D004D3FC0 /* UserManager.swift */,
				ACD4D9C7296F244500A12A8C /* DataManager.swift */,
			);
			path = Services;
			sourceTree = "<group>";
		};
		AC01B7AA296D4294004D3FC0 /* LoginView */ = {
			isa = PBXGroup;
			children = (
				AC01B78F296C96B5004D3FC0 /* LoginViewController.swift */,
				AC01B7A8296D3AA9004D3FC0 /* LoginViewModel.swift */,
			);
			path = LoginView;
			sourceTree = "<group>";
		};
		AC01B7AD296D42F9004D3FC0 /* CoinTableView */ = {
			isa = PBXGroup;
			children = (
				AC01B7AB296D42CA004D3FC0 /* CoinTableViewController.swift */,
				AC01B7B7296E9417004D3FC0 /* CoinTableViewModel.swift */,
				AC8939A929856B5500219844 /* CoinTableViewCell.swift */,
			);
			path = CoinTableView;
			sourceTree = "<group>";
		};
		AC01B7B4296E81F7004D3FC0 /* RootViewController */ = {
			isa = PBXGroup;
			children = (
				AC01B7B2296E81F0004D3FC0 /* RootViewController.swift */,
				AC01B7B5296E8217004D3FC0 /* RootViewModel.swift */,
			);
			path = RootViewController;
			sourceTree = "<group>";
		};
/* End PBXGroup section */

/* Begin PBXNativeTarget section */
		AC01B787296C96B5004D3FC0 /* MyCoin */ = {
			isa = PBXNativeTarget;
			buildConfigurationList = AC01B79C296C96B6004D3FC0 /* Build configuration list for PBXNativeTarget "MyCoin" */;
			buildPhases = (
				AC01B784296C96B5004D3FC0 /* Sources */,
				AC01B785296C96B5004D3FC0 /* Frameworks */,
				AC01B786296C96B5004D3FC0 /* Resources */,
			);
			buildRules = (
			);
			dependencies = (
			);
			name = MyCoin;
			productName = MyCoin;
			productReference = AC01B788296C96B5004D3FC0 /* MyCoin.app */;
			productType = "com.apple.product-type.application";
		};
/* End PBXNativeTarget section */

/* Begin PBXProject section */
		AC01B780296C96B5004D3FC0 /* Project object */ = {
			isa = PBXProject;
			attributes = {
				BuildIndependentTargetsInParallel = 1;
				LastSwiftUpdateCheck = 1420;
				LastUpgradeCheck = 1420;
				TargetAttributes = {
					AC01B787296C96B5004D3FC0 = {
						CreatedOnToolsVersion = 14.2;
					};
				};
			};
			buildConfigurationList = AC01B783296C96B5004D3FC0 /* Build configuration list for PBXProject "MyCoin" */;
			compatibilityVersion = "Xcode 14.0";
			developmentRegion = en;
			hasScannedForEncodings = 0;
			knownRegions = (
				en,
				Base,
			);
			mainGroup = AC01B77F296C96B5004D3FC0;
			productRefGroup = AC01B789296C96B5004D3FC0 /* Products */;
			projectDirPath = "";
			projectRoot = "";
			targets = (
				AC01B787296C96B5004D3FC0 /* MyCoin */,
			);
		};
/* End PBXProject section */

/* Begin PBXResourcesBuildPhase section */
		AC01B786296C96B5004D3FC0 /* Resources */ = {
			isa = PBXResourcesBuildPhase;
			buildActionMask = 2147483647;
			files = (
				AC01B798296C96B6004D3FC0 /* LaunchScreen.storyboard in Resources */,
				AC01B795296C96B6004D3FC0 /* Assets.xcassets in Resources */,
			);
			runOnlyForDeploymentPostprocessing = 0;
		};
/* End PBXResourcesBuildPhase section */

/* Begin PBXSourcesBuildPhase section */
		AC01B784296C96B5004D3FC0 /* Sources */ = {
			isa = PBXSourcesBuildPhase;
			buildActionMask = 2147483647;
			files = (
				AC01B7B6296E8217004D3FC0 /* RootViewModel.swift in Sources */,
				ACD4D9C8296F244500A12A8C /* DataManager.swift in Sources */,
				AC01B7A6296D2F28004D3FC0 /* NetworkManager.swift in Sources */,
				AC01B7A3296D2EB7004D3FC0 /* Coin.swift in Sources */,
				AC01B7B3296E81F0004D3FC0 /* RootViewController.swift in Sources */,
				AC01B7AF296DC92D004D3FC0 /* UserManager.swift in Sources */,
				AC01B7AC296D42CA004D3FC0 /* CoinTableViewController.swift in Sources */,
				AC01B7B8296E9417004D3FC0 /* CoinTableViewModel.swift in Sources */,
				AC01B7B1296DC961004D3FC0 /* User.swift in Sources */,
				AC8939AA29856B5500219844 /* CoinTableViewCell.swift in Sources */,
				AC01B790296C96B5004D3FC0 /* LoginViewController.swift in Sources */,
				AC01B7A9296D3AA9004D3FC0 /* LoginViewModel.swift in Sources */,
				AC01B78C296C96B5004D3FC0 /* AppDelegate.swift in Sources */,
			);
			runOnlyForDeploymentPostprocessing = 0;
		};
/* End PBXSourcesBuildPhase section */

/* Begin PBXVariantGroup section */
		AC01B796296C96B6004D3FC0 /* LaunchScreen.storyboard */ = {
			isa = PBXVariantGroup;
			children = (
				AC01B797296C96B6004D3FC0 /* Base */,
			);
			name = LaunchScreen.storyboard;
			sourceTree = "<group>";
		};
/* End PBXVariantGroup section */

/* Begin XCBuildConfiguration section */
		AC01B79A296C96B6004D3FC0 /* Debug */ = {
			isa = XCBuildConfiguration;
			buildSettings = {
				ALWAYS_SEARCH_USER_PATHS = NO;
				CLANG_ANALYZER_NONNULL = YES;
				CLANG_ANALYZER_NUMBER_OBJECT_CONVERSION = YES_AGGRESSIVE;
				CLANG_CXX_LANGUAGE_STANDARD = "gnu++20";
				CLANG_ENABLE_MODULES = YES;
				CLANG_ENABLE_OBJC_ARC = YES;
				CLANG_ENABLE_OBJC_WEAK = YES;
				CLANG_WARN_BLOCK_CAPTURE_AUTORELEASING = YES;
				CLANG_WARN_BOOL_CONVERSION = YES;
				CLANG_WARN_COMMA = YES;
				CLANG_WARN_CONSTANT_CONVERSION = YES;
				CLANG_WARN_DEPRECATED_OBJC_IMPLEMENTATIONS = YES;
				CLANG_WARN_DIRECT_OBJC_ISA_USAGE = YES_ERROR;
				CLANG_WARN_DOCUMENTATION_COMMENTS = YES;
				CLANG_WARN_EMPTY_BODY = YES;
				CLANG_WARN_ENUM_CONVERSION = YES;
				CLANG_WARN_INFINITE_RECURSION = YES;
				CLANG_WARN_INT_CONVERSION = YES;
				CLANG_WARN_NON_LITERAL_NULL_CONVERSION = YES;
				CLANG_WARN_OBJC_IMPLICIT_RETAIN_SELF = YES;
				CLANG_WARN_OBJC_LITERAL_CONVERSION = YES;
				CLANG_WARN_OBJC_ROOT_CLASS = YES_ERROR;
				CLANG_WARN_QUOTED_INCLUDE_IN_FRAMEWORK_HEADER = YES;
				CLANG_WARN_RANGE_LOOP_ANALYSIS = YES;
				CLANG_WARN_STRICT_PROTOTYPES = YES;
				CLANG_WARN_SUSPICIOUS_MOVE = YES;
				CLANG_WARN_UNGUARDED_AVAILABILITY = YES_AGGRESSIVE;
				CLANG_WARN_UNREACHABLE_CODE = YES;
				CLANG_WARN__DUPLICATE_METHOD_MATCH = YES;
				COPY_PHASE_STRIP = NO;
				DEBUG_INFORMATION_FORMAT = dwarf;
				ENABLE_STRICT_OBJC_MSGSEND = YES;
				ENABLE_TESTABILITY = YES;
				GCC_C_LANGUAGE_STANDARD = gnu11;
				GCC_DYNAMIC_NO_PIC = NO;
				GCC_NO_COMMON_BLOCKS = YES;
				GCC_OPTIMIZATION_LEVEL = 0;
				GCC_PREPROCESSOR_DEFINITIONS = (
					"DEBUG=1",
					"$(inherited)",
				);
				GCC_WARN_64_TO_32_BIT_CONVERSION = YES;
				GCC_WARN_ABOUT_RETURN_TYPE = YES_ERROR;
				GCC_WARN_UNDECLARED_SELECTOR = YES;
				GCC_WARN_UNINITIALIZED_AUTOS = YES_AGGRESSIVE;
				GCC_WARN_UNUSED_FUNCTION = YES;
				GCC_WARN_UNUSED_VARIABLE = YES;
				IPHONEOS_DEPLOYMENT_TARGET = 16.2;
				MTL_ENABLE_DEBUG_INFO = INCLUDE_SOURCE;
				MTL_FAST_MATH = YES;
				ONLY_ACTIVE_ARCH = YES;
				SDKROOT = iphoneos;
				SWIFT_ACTIVE_COMPILATION_CONDITIONS = DEBUG;
				SWIFT_OPTIMIZATION_LEVEL = "-Onone";
			};
			name = Debug;
		};
		AC01B79B296C96B6004D3FC0 /* Release */ = {
			isa = XCBuildConfiguration;
			buildSettings = {
				ALWAYS_SEARCH_USER_PATHS = NO;
				CLANG_ANALYZER_NONNULL = YES;
				CLANG_ANALYZER_NUMBER_OBJECT_CONVERSION = YES_AGGRESSIVE;
				CLANG_CXX_LANGUAGE_STANDARD = "gnu++20";
				CLANG_ENABLE_MODULES = YES;
				CLANG_ENABLE_OBJC_ARC = YES;
				CLANG_ENABLE_OBJC_WEAK = YES;
				CLANG_WARN_BLOCK_CAPTURE_AUTORELEASING = YES;
				CLANG_WARN_BOOL_CONVERSION = YES;
				CLANG_WARN_COMMA = YES;
				CLANG_WARN_CONSTANT_CONVERSION = YES;
				CLANG_WARN_DEPRECATED_OBJC_IMPLEMENTATIONS = YES;
				CLANG_WARN_DIRECT_OBJC_ISA_USAGE = YES_ERROR;
				CLANG_WARN_DOCUMENTATION_COMMENTS = YES;
				CLANG_WARN_EMPTY_BODY = YES;
				CLANG_WARN_ENUM_CONVERSION = YES;
				CLANG_WARN_INFINITE_RECURSION = YES;
				CLANG_WARN_INT_CONVERSION = YES;
				CLANG_WARN_NON_LITERAL_NULL_CONVERSION = YES;
				CLANG_WARN_OBJC_IMPLICIT_RETAIN_SELF = YES;
				CLANG_WARN_OBJC_LITERAL_CONVERSION = YES;
				CLANG_WARN_OBJC_ROOT_CLASS = YES_ERROR;
				CLANG_WARN_QUOTED_INCLUDE_IN_FRAMEWORK_HEADER = YES;
				CLANG_WARN_RANGE_LOOP_ANALYSIS = YES;
				CLANG_WARN_STRICT_PROTOTYPES = YES;
				CLANG_WARN_SUSPICIOUS_MOVE = YES;
				CLANG_WARN_UNGUARDED_AVAILABILITY = YES_AGGRESSIVE;
				CLANG_WARN_UNREACHABLE_CODE = YES;
				CLANG_WARN__DUPLICATE_METHOD_MATCH = YES;
				COPY_PHASE_STRIP = NO;
				DEBUG_INFORMATION_FORMAT = "dwarf-with-dsym";
				ENABLE_NS_ASSERTIONS = NO;
				ENABLE_STRICT_OBJC_MSGSEND = YES;
				GCC_C_LANGUAGE_STANDARD = gnu11;
				GCC_NO_COMMON_BLOCKS = YES;
				GCC_WARN_64_TO_32_BIT_CONVERSION = YES;
				GCC_WARN_ABOUT_RETURN_TYPE = YES_ERROR;
				GCC_WARN_UNDECLARED_SELECTOR = YES;
				GCC_WARN_UNINITIALIZED_AUTOS = YES_AGGRESSIVE;
				GCC_WARN_UNUSED_FUNCTION = YES;
				GCC_WARN_UNUSED_VARIABLE = YES;
				IPHONEOS_DEPLOYMENT_TARGET = 16.2;
				MTL_ENABLE_DEBUG_INFO = NO;
				MTL_FAST_MATH = YES;
				SDKROOT = iphoneos;
				SWIFT_COMPILATION_MODE = wholemodule;
				SWIFT_OPTIMIZATION_LEVEL = "-O";
				VALIDATE_PRODUCT = YES;
			};
			name = Release;
		};
		AC01B79D296C96B6004D3FC0 /* Debug */ = {
			isa = XCBuildConfiguration;
			buildSettings = {
				ASSETCATALOG_COMPILER_APPICON_NAME = AppIcon;
				ASSETCATALOG_COMPILER_GLOBAL_ACCENT_COLOR_NAME = AccentColor;
				CODE_SIGN_STYLE = Automatic;
				CURRENT_PROJECT_VERSION = 1;
				DEVELOPMENT_TEAM = QQ7NB58NL6;
				GENERATE_INFOPLIST_FILE = YES;
				INFOPLIST_FILE = MyCoin/App/Info.plist;
				INFOPLIST_KEY_UIApplicationSupportsIndirectInputEvents = YES;
				INFOPLIST_KEY_UILaunchStoryboardName = LaunchScreen.storyboard;
				INFOPLIST_KEY_UIMainStoryboardFile = "";
				INFOPLIST_KEY_UISupportedInterfaceOrientations = UIInterfaceOrientationPortrait;
				INFOPLIST_KEY_UISupportedInterfaceOrientations_iPad = "UIInterfaceOrientationLandscapeLeft UIInterfaceOrientationLandscapeRight UIInterfaceOrientationPortrait UIInterfaceOrientationPortraitUpsideDown";
				LD_RUNPATH_SEARCH_PATHS = (
					"$(inherited)",
					"@executable_path/Frameworks",
				);
				MARKETING_VERSION = 1.0;
				PRODUCT_BUNDLE_IDENTIFIER = PavlovAA.MyCoin;
				PRODUCT_NAME = "$(TARGET_NAME)";
				SUPPORTED_PLATFORMS = "iphoneos iphonesimulator";
				SUPPORTS_MACCATALYST = NO;
				SUPPORTS_MAC_DESIGNED_FOR_IPHONE_IPAD = NO;
				SWIFT_EMIT_LOC_STRINGS = YES;
				SWIFT_VERSION = 5.0;
				TARGETED_DEVICE_FAMILY = 1;
			};
			name = Debug;
		};
		AC01B79E296C96B6004D3FC0 /* Release */ = {
			isa = XCBuildConfiguration;
			buildSettings = {
				ASSETCATALOG_COMPILER_APPICON_NAME = AppIcon;
				ASSETCATALOG_COMPILER_GLOBAL_ACCENT_COLOR_NAME = AccentColor;
				CODE_SIGN_STYLE = Automatic;
				CURRENT_PROJECT_VERSION = 1;
				DEVELOPMENT_TEAM = QQ7NB58NL6;
				GENERATE_INFOPLIST_FILE = YES;
				INFOPLIST_FILE = MyCoin/App/Info.plist;
				INFOPLIST_KEY_UIApplicationSupportsIndirectInputEvents = YES;
				INFOPLIST_KEY_UILaunchStoryboardName = LaunchScreen.storyboard;
				INFOPLIST_KEY_UIMainStoryboardFile = "";
				INFOPLIST_KEY_UISupportedInterfaceOrientations = UIInterfaceOrientationPortrait;
				INFOPLIST_KEY_UISupportedInterfaceOrientations_iPad = "UIInterfaceOrientationLandscapeLeft UIInterfaceOrientationLandscapeRight UIInterfaceOrientationPortrait UIInterfaceOrientationPortraitUpsideDown";
				LD_RUNPATH_SEARCH_PATHS = (
					"$(inherited)",
					"@executable_path/Frameworks",
				);
				MARKETING_VERSION = 1.0;
				PRODUCT_BUNDLE_IDENTIFIER = PavlovAA.MyCoin;
				PRODUCT_NAME = "$(TARGET_NAME)";
				SUPPORTED_PLATFORMS = "iphoneos iphonesimulator";
				SUPPORTS_MACCATALYST = NO;
				SUPPORTS_MAC_DESIGNED_FOR_IPHONE_IPAD = NO;
				SWIFT_EMIT_LOC_STRINGS = YES;
				SWIFT_VERSION = 5.0;
				TARGETED_DEVICE_FAMILY = 1;
			};
			name = Release;
		};
/* End XCBuildConfiguration section */

/* Begin XCConfigurationList section */
		AC01B783296C96B5004D3FC0 /* Build configuration list for PBXProject "MyCoin" */ = {
			isa = XCConfigurationList;
			buildConfigurations = (
				AC01B79A296C96B6004D3FC0 /* Debug */,
				AC01B79B296C96B6004D3FC0 /* Release */,
			);
			defaultConfigurationIsVisible = 0;
			defaultConfigurationName = Release;
		};
		AC01B79C296C96B6004D3FC0 /* Build configuration list for PBXNativeTarget "MyCoin" */ = {
			isa = XCConfigurationList;
			buildConfigurations = (
				AC01B79D296C96B6004D3FC0 /* Debug */,
				AC01B79E296C96B6004D3FC0 /* Release */,
			);
			defaultConfigurationIsVisible = 0;
			defaultConfigurationName = Release;
		};
/* End XCConfigurationList section */
	};
	rootObject = AC01B780296C96B5004D3FC0 /* Project object */;
}
